# @generated - this file is auto-generated by `mise lock` https://mise.jdx.dev/dev-tools/mise-lock.html

lockfile_version = 3

[conda-packages.linux-arm64."_openmp_mutex-4.5-20_gnu"]
url = "https://conda.anaconda.org/conda-forge/linux-aarch64/_openmp_mutex-4.5-20_gnu.conda"
checksum = "sha256:a2527b1d81792a0ccd2c05850960df119c2b6d8f5fdec97f2db7d25dc23b1068"

[conda-packages.linux-arm64."bzip2-1.0.8-h4777abc_10"]
url = "https://conda.anaconda.org/conda-forge/linux-aarch64/bzip2-1.0.8-h4777abc_10.conda"
checksum = "sha256:24eacc8a20fd7c4616566178562bef7f9344eb4a8700cfc3180fa75a6ff9d39f"

[conda-packages.linux-arm64."ca-certificates-2026.7.22-hbd8a1cb_0"]
url = "https://conda.anaconda.org/conda-forge/noarch/ca-certificates-2026.7.22-hbd8a1cb_0.conda"
checksum = "sha256:0a0544cf95f64394fe4959286f5c71f5444ad58feb0602e53becb27448d24da6"

[conda-packages.linux-arm64."ld_impl_linux-aarch64-2.46.1-default_h1979696_102"]
url = "https://conda.anaconda.org/conda-forge/linux-aarch64/ld_impl_linux-aarch64-2.46.1-default_h1979696_102.conda"
checksum = "sha256:2c4901f4227b0850328ed0c69f958b30ad2cd18982f7a31c7c1f911827004d08"

[conda-packages.linux-arm64."libexpat-2.8.5-h4154aff_0"]
url = "https://conda.anaconda.org/conda-forge/linux-aarch64/libexpat-2.8.5-h4154aff_0.conda"
checksum = "sha256:d155b9ee74abac0865095a66ebb008be967937a6deea6e7666ba01ead4a155fc"

[conda-packages.linux-arm64."libffi-3.7.0-hdaad0be_1"]
url = "https://conda.anaconda.org/conda-forge/linux-aarch64/libffi-3.7.0-hdaad0be_1.conda"
checksum = "sha256:b1879d78b622c5f4817fd6d77fe7ae3ab7b501542e3c2f4ac77198c54c62c189"

[conda-packages.linux-arm64."libgcc-16.2.0-h205dda4_7"]
url = "https://conda.anaconda.org/conda-forge/linux-aarch64/libgcc-16.2.0-h205dda4_7.conda"
checksum = "sha256:eae7a3449d5a3b5351c5427137c076cc3fc826645c7bfc42dc10772b783826f1"

[conda-packages.linux-arm64."libgomp-16.2.0-h8acb6b2_7"]
url = "https://conda.anaconda.org/conda-forge/linux-aarch64/libgomp-16.2.0-h8acb6b2_7.conda"
checksum = "sha256:4406fd67c5beeb99b9372f9bf07aa3e40ca141e337eceebac3ff64aa72799494"

[conda-packages.linux-arm64."liblzma-5.8.3-he30d5cf_1"]
url = "https://conda.anaconda.org/conda-forge/linux-aarch64/liblzma-5.8.3-he30d5cf_1.conda"
checksum = "sha256:f760669fd1cea27f689f411c0d5488e26ce50e382c9b63e4ad348f959850124a"

[conda-packages.linux-arm64."libmpdec-4.0.0-he30d5cf_2"]
url = "https://conda.anaconda.org/conda-forge/linux-aarch64/libmpdec-4.0.0-he30d5cf_2.conda"
checksum = "sha256:5d6621a2229777824386164b40c67ff804fe98dd4165354cf73ee73e282a2adf"

[conda-packages.linux-arm64."libpython-3.14.8-hc71fabe_101_cp314"]
url = "https://conda.anaconda.org/conda-forge/linux-aarch64/libpython-3.14.8-hc71fabe_101_cp314.conda"
checksum = "sha256:35e8c023bb17bcbc01e049165960813137f1aa5b6ccc3fc87a0d40e5e2af47a1"

[conda-packages.linux-arm64."libsqlite-3.53.4-hd26f1b6_103"]
url = "https://conda.anaconda.org/conda-forge/linux-aarch64/libsqlite-3.53.4-hd26f1b6_103.conda"
checksum = "sha256:e930ac6df2c0131ada894193b3dcf4a02ee8088a1873ac722a971a33cb9ed7c9"

[conda-packages.linux-arm64."libstdcxx-16.2.0-hef695bb_7"]
url = "https://conda.anaconda.org/conda-forge/linux-aarch64/libstdcxx-16.2.0-hef695bb_7.conda"
checksum = "sha256:b241a3acfa9cdb1359112864a1241225533c92642de3000d52ae65ef5d3a9786"

[conda-packages.linux-arm64."libuuid-2.42.4-hd6fdeab_0"]
url = "https://conda.anaconda.org/conda-forge/linux-aarch64/libuuid-2.42.4-hd6fdeab_0.conda"
checksum = "sha256:4d94770cc7c47eb4a0d7b92f16d7a450506d1a82406d63c987d6208ab2fb8a16"

[conda-packages.linux-arm64."libxcb-1.17.0-h3f04742_2"]
url = "https://conda.anaconda.org/conda-forge/linux-aarch64/libxcb-1.17.0-h3f04742_2.conda"
checksum = "sha256:bb1d9aaa885de73c504bd887e1841ad8e9d5b8432bd370b02eaf33067a001dc3"

[conda-packages.linux-arm64."libxcrypt-4.4.38-h80f16a2_0"]
url = "https://conda.anaconda.org/conda-forge/linux-aarch64/libxcrypt-4.4.38-h80f16a2_0.conda"
checksum = "sha256:d3514900e2121972e435f7803763c1843dad6709e48aa02a2b47c4d481f83be7"

[conda-packages.linux-arm64."libzlib-1.3.2-hdc9db2a_3"]
url = "https://conda.anaconda.org/conda-forge/linux-aarch64/libzlib-1.3.2-hdc9db2a_3.conda"
checksum = "sha256:76efa6cc9d7e6f5ee3bbca0939f64054af2bdfb3c3632531f8e633cf6c2ea41e"

[conda-packages.linux-arm64."ncurses-6.6-h2b6f883_1"]
url = "https://conda.anaconda.org/conda-forge/linux-aarch64/ncurses-6.6-h2b6f883_1.conda"
checksum = "sha256:d69a04914139627f0a6bfd19412d6c7f1e37edc896af84a6011e07e8bc1e69fa"

[conda-packages.linux-arm64."openssl-3.6.5-he6ad1d5_0"]
url = "https://conda.anaconda.org/conda-forge/linux-aarch64/openssl-3.6.5-he6ad1d5_0.conda"
checksum = "sha256:238136f1df197ecd89bafd728a34d0642176f3170423d13d8276746d675a9485"

[conda-packages.linux-arm64."perl-5.32.1-10_h5bc82ec_perl5"]
url = "https://conda.anaconda.org/conda-forge/linux-aarch64/perl-5.32.1-10_h5bc82ec_perl5.conda"
checksum = "sha256:f99a23ad19224503e8e50054cdc9c0cb4813417ecbaddb39cfcb6a7327f38eac"

[conda-packages.linux-arm64."pthread-stubs-0.4-h5bc82ec_1004"]
url = "https://conda.anaconda.org/conda-forge/linux-aarch64/pthread-stubs-0.4-h5bc82ec_1004.conda"
checksum = "sha256:c66ea2c8f64b815b24344340a8a9d62152359dbf48a6151b1f282fdf35204d83"

[conda-packages.linux-arm64."python-3.14.8-hbec3b18_101_cp314"]
url = "https://conda.anaconda.org/conda-forge/linux-aarch64/python-3.14.8-hbec3b18_101_cp314.conda"
checksum = "sha256:b88a76c72f76e7ad9c46068e3c9467a363425a709ae9d7cdf8c8a7b0f30220d4"

[conda-packages.linux-arm64."python_abi-3.14-9_cp314"]
url = "https://conda.anaconda.org/conda-forge/noarch/python_abi-3.14-9_cp314.conda"
checksum = "sha256:e7f8e965bbfb98e08feb2365cacdad8bb218fa5b5a0a2752f747287f425f213c"

[conda-packages.linux-arm64."readline-8.3-ha7194a6_1"]
url = "https://conda.anaconda.org/conda-forge/linux-aarch64/readline-8.3-ha7194a6_1.conda"
checksum = "sha256:80167dcf73a96b6d0c1bb2298d7b8b9bc21b27cc5bf56979f9c548b49a4d1722"

[conda-packages.linux-arm64."tk-8.6.13-noxft_hf03c496_4"]
url = "https://conda.anaconda.org/conda-forge/linux-aarch64/tk-8.6.13-noxft_hf03c496_4.conda"
checksum = "sha256:a1aa0d0f0b3d539644ff992e6dd0facf950c79df58fc37590ce5be84ff5e3f22"

[conda-packages.linux-arm64.tzdata-2026c-h151e31d_0]
url = "https://conda.anaconda.org/conda-forge/noarch/tzdata-2026c-h151e31d_0.conda"
checksum = "sha256:b928c30ddcb0e3f544c6eade8352737e6e610e263276b90232db6a578ef899d8"

[conda-packages.linux-arm64."xorg-libice-1.1.2-h80f16a2_0"]
url = "https://conda.anaconda.org/conda-forge/linux-aarch64/xorg-libice-1.1.2-h80f16a2_0.conda"
checksum = "sha256:e56bb636aefe3503a53520a0b7f3737f3a26fe0accf0befffc24d1c0ddd27008"

[conda-packages.linux-arm64."xorg-libsm-1.2.6-hf23e593_1"]
url = "https://conda.anaconda.org/conda-forge/linux-aarch64/xorg-libsm-1.2.6-hf23e593_1.conda"
checksum = "sha256:4978f89a764b54dc8be7a115b2d57f570f793243f3227653232742ce0946101b"

[conda-packages.linux-arm64."xorg-libx11-1.8.13-h63a1b12_1"]
url = "https://conda.anaconda.org/conda-forge/linux-aarch64/xorg-libx11-1.8.13-h63a1b12_1.conda"
checksum = "sha256:9ff59d55cbf85561833be3604a8c0a5497b0f13cdf122e8bb490e9cf3138d116"

[conda-packages.linux-arm64."xorg-libxau-1.0.12-h5bc82ec_2"]
url = "https://conda.anaconda.org/conda-forge/linux-aarch64/xorg-libxau-1.0.12-h5bc82ec_2.conda"
checksum = "sha256:6b22ffc0137003b41d44db995a3536737e2a2c854c8ed55c8a4eb6377d502abf"

[conda-packages.linux-arm64."xorg-libxdmcp-1.1.5-h5bc82ec_2"]
url = "https://conda.anaconda.org/conda-forge/linux-aarch64/xorg-libxdmcp-1.1.5-h5bc82ec_2.conda"
checksum = "sha256:db2b37227a888d23269855409a9b2179e493c59f2ec9ee2071bf3fd198767ffd"

[conda-packages.linux-arm64."xorg-libxt-1.3.1-h5bc82ec_1"]
url = "https://conda.anaconda.org/conda-forge/linux-aarch64/xorg-libxt-1.3.1-h5bc82ec_1.conda"
checksum = "sha256:90cde7ffd12c2f02ec4a6b893dfa0c1fcb8f7b23b468ff575d3222df2cd187c6"

[conda-packages.linux-arm64."xorg-xorgproto-2025.1-h29ee22c_3"]
url = "https://conda.anaconda.org/conda-forge/linux-aarch64/xorg-xorgproto-2025.1-h29ee22c_3.conda"
checksum = "sha256:c5b0c6e21dc57ca8b33d8f42328e963ecada4153f7ca2a31d55b50fe8c8a1d21"

[conda-packages.linux-arm64."zstd-1.5.7-h9d15635_7"]
url = "https://conda.anaconda.org/conda-forge/linux-aarch64/zstd-1.5.7-h9d15635_7.conda"
checksum = "sha256:427fd14bcb3b8659796fecc682716617409350fb5a98e5b7b47558a10d1a2fc7"

[conda-packages.linux-x64."_openmp_mutex-4.5-20_gnu"]
url = "https://conda.anaconda.org/conda-forge/linux-64/_openmp_mutex-4.5-20_gnu.conda"
checksum = "sha256:1dd3fffd892081df9726d7eb7e0dea6198962ba775bd88842135a4ddb4deb3c9"

[conda-packages.linux-x64."bzip2-1.0.8-hda65f42_10"]
url = "https://conda.anaconda.org/conda-forge/linux-64/bzip2-1.0.8-hda65f42_10.conda"
checksum = "sha256:1a0d382c515ebf55f8ee1f38c8b81bc95af5c2acc42ad53b66bc5df932032f96"

[conda-packages.linux-x64."ca-certificates-2026.7.22-hbd8a1cb_0"]
url = "https://conda.anaconda.org/conda-forge/noarch/ca-certificates-2026.7.22-hbd8a1cb_0.conda"
checksum = "sha256:0a0544cf95f64394fe4959286f5c71f5444ad58feb0602e53becb27448d24da6"

[conda-packages.linux-x64."ld_impl_linux-64-2.46.1-default_hbd61a6d_102"]
url = "https://conda.anaconda.org/conda-forge/linux-64/ld_impl_linux-64-2.46.1-default_hbd61a6d_102.conda"
checksum = "sha256:27d83f1188cd19bcb7754a078b3fa7f4cfb8527f8eb2fde54dd01fc529d1adec"

[conda-packages.linux-x64."libexpat-2.8.5-hd2095e1_0"]
url = "https://conda.anaconda.org/conda-forge/linux-64/libexpat-2.8.5-hd2095e1_0.conda"
checksum = "sha256:6de73033a7c5f712c9c5a54124e4581e025691029835e5bceaf10a333a7e7bc0"

[conda-packages.linux-x64."libffi-3.7.0-h81df57d_1"]
url = "https://conda.anaconda.org/conda-forge/linux-64/libffi-3.7.0-h81df57d_1.conda"
checksum = "sha256:c8c7583ef063bc3c430f1d48298e5ad24f796a35c22ed5b14183325825a61106"

[conda-packages.linux-x64."libgcc-16.2.0-ha9f2e26_7"]
url = "https://conda.anaconda.org/conda-forge/linux-64/libgcc-16.2.0-ha9f2e26_7.conda"
checksum = "sha256:e031634c3a928f9594eba868bc46ef5230d6571a364a0c63215b06c4563bfcea"

[conda-packages.linux-x64."libgomp-16.2.0-he0feb66_7"]
url = "https://conda.anaconda.org/conda-forge/linux-64/libgomp-16.2.0-he0feb66_7.conda"
checksum = "sha256:92a0bb350c7be6a4eedcb4e111c60aefd176018e6b1c009a6e025dbe9bbcd758"

[conda-packages.linux-x64."liblzma-5.8.3-hb03c661_1"]
url = "https://conda.anaconda.org/conda-forge/linux-64/liblzma-5.8.3-hb03c661_1.conda"
checksum = "sha256:9787df8c22a59c9a70d3e5a10db9ad663485e75e9ccc3f09bd092cb7b95e0dab"

[conda-packages.linux-x64."libmpdec-4.0.0-hb03c661_2"]
url = "https://conda.anaconda.org/conda-forge/linux-64/libmpdec-4.0.0-hb03c661_2.conda"
checksum = "sha256:46820b4a835e175940ae20bec00fdddaff804cda27a1408ab1b95e77a2196437"

[conda-packages.linux-x64."libpython-3.14.8-hdc7f604_101_cp314"]
url = "https://conda.anaconda.org/conda-forge/linux-64/libpython-3.14.8-hdc7f604_101_cp314.conda"
checksum = "sha256:3dc27daa3470f9b6f863942d99db623d79204ea478955ea73e97d3519cae2ab5"

[conda-packages.linux-x64."libsqlite-3.53.4-h0737f62_103"]
url = "https://conda.anaconda.org/conda-forge/linux-64/libsqlite-3.53.4-h0737f62_103.conda"
checksum = "sha256:66f4831f4ee3055f0ffe94e01901198cf3601e2c1b4f6b51d05c3f2d8557ce1d"

[conda-packages.linux-x64."libstdcxx-16.2.0-h934c35e_7"]
url = "https://conda.anaconda.org/conda-forge/linux-64/libstdcxx-16.2.0-h934c35e_7.conda"
checksum = "sha256:fa7018298629fc429971fffd6ecba3d27a7b02e4e890d6a93ea01ffebe8cb745"

[conda-packages.linux-x64."libuuid-2.42.4-hcfc3c73_0"]
url = "https://conda.anaconda.org/conda-forge/linux-64/libuuid-2.42.4-hcfc3c73_0.conda"
checksum = "sha256:f34b8d1de9a2bf62476d8608057d9b8a918d97444236dc53a47128f2fae79041"

[conda-packages.linux-x64."libxcb-1.17.0-hb83e432_2"]
url = "https://conda.anaconda.org/conda-forge/linux-64/libxcb-1.17.0-hb83e432_2.conda"
checksum = "sha256:7b49e6fd2a584b7f072943e6adf4149677af5121246975278804782d37752837"

[conda-packages.linux-x64."libxcrypt-4.4.38-h280c20c_0"]
url = "https://conda.anaconda.org/conda-forge/linux-64/libxcrypt-4.4.38-h280c20c_0.conda"
checksum = "sha256:f7e9292dd219a6435bbb1223da9586c3e70d66d169c5a92f08db3f2127df04e9"

[conda-packages.linux-x64."libzlib-1.3.2-h25fd6f3_3"]
url = "https://conda.anaconda.org/conda-forge/linux-64/libzlib-1.3.2-h25fd6f3_3.conda"
checksum = "sha256:eb8a0db0aa570124f7d2a93d7c7f596e3390df5e047818d873baad32985fc736"

[conda-packages.linux-x64."ncurses-6.6-hdb14827_1"]
url = "https://conda.anaconda.org/conda-forge/linux-64/ncurses-6.6-hdb14827_1.conda"
checksum = "sha256:5d46557214ed184381dafe835b7c94a474a1c3b307a08a250b1ea4779b44ffb3"

[conda-packages.linux-x64."openssl-3.6.5-h781a0a9_0"]
url = "https://conda.anaconda.org/conda-forge/linux-64/openssl-3.6.5-h781a0a9_0.conda"
checksum = "sha256:9c1533f1cf784f0e250919c0c9762d0b0e6bc727a79290ffb7cea1ceca1d038c"

[conda-packages.linux-x64."perl-5.32.1-10_h7cc23a3_perl5"]
url = "https://conda.anaconda.org/conda-forge/linux-64/perl-5.32.1-10_h7cc23a3_perl5.conda"
checksum = "sha256:6ab2c89273347c20144c20691f98c3721e930af38e801ec16c737d2e24406010"

[conda-packages.linux-x64."pthread-stubs-0.4-h7cc23a3_1004"]
url = "https://conda.anaconda.org/conda-forge/linux-64/pthread-stubs-0.4-h7cc23a3_1004.conda"
checksum = "sha256:4a44fd00ea73b79ca2c89b0727b9ccf61c506ead71e67a9abfa4c590042b5a4a"

[conda-packages.linux-x64."python-3.14.8-hcd007b5_101_cp314"]
url = "https://conda.anaconda.org/conda-forge/linux-64/python-3.14.8-hcd007b5_101_cp314.conda"
checksum = "sha256:e22f6a79d290935b2c854d325e260f70f364c7cc7ec0bc8308ded4f2f1eef7e6"

[conda-packages.linux-x64."python_abi-3.14-9_cp314"]
url = "https://conda.anaconda.org/conda-forge/noarch/python_abi-3.14-9_cp314.conda"
checksum = "sha256:e7f8e965bbfb98e08feb2365cacdad8bb218fa5b5a0a2752f747287f425f213c"

[conda-packages.linux-x64."readline-8.3-hd6e31c0_1"]
url = "https://conda.anaconda.org/conda-forge/linux-64/readline-8.3-hd6e31c0_1.conda"
checksum = "sha256:01b3fe073a66e321970d09e04b388708f8cbdca5cdfbfcb7c9eeb470ad10383d"

[conda-packages.linux-x64."tk-8.6.13-noxft_h1df4ec4_4"]
url = "https://conda.anaconda.org/conda-forge/linux-64/tk-8.6.13-noxft_h1df4ec4_4.conda"
checksum = "sha256:a1a241d172c1ccab067ba245206dd048bc3c2d1b84504b53c9468e99adfc16a1"

[conda-packages.linux-x64.tzdata-2026c-h151e31d_0]
url = "https://conda.anaconda.org/conda-forge/noarch/tzdata-2026c-h151e31d_0.conda"
checksum = "sha256:b928c30ddcb0e3f544c6eade8352737e6e610e263276b90232db6a578ef899d8"

[conda-packages.linux-x64."xorg-libice-1.1.2-h280c20c_0"]
url = "https://conda.anaconda.org/conda-forge/linux-64/xorg-libice-1.1.2-h280c20c_0.conda"
checksum = "sha256:49b532d1df875c6749d9078b56a76f3f5db49a5abe0ca620b593ed474ef0ebf1"

[conda-packages.linux-x64."xorg-libsm-1.2.6-h0d788c3_1"]
url = "https://conda.anaconda.org/conda-forge/linux-64/xorg-libsm-1.2.6-h0d788c3_1.conda"
checksum = "sha256:ef907caee0665cf3b0f775602cc50e388e3bade8ce22ecade0873ff26604b2fd"

[conda-packages.linux-x64."xorg-libx11-1.8.13-he1eb515_1"]
url = "https://conda.anaconda.org/conda-forge/linux-64/xorg-libx11-1.8.13-he1eb515_1.conda"
checksum = "sha256:68053eebfa9f0d91666786c8fb5839d989aa9b869add92cb8815228bb2d7302c"

[conda-packages.linux-x64."xorg-libxau-1.0.12-h7cc23a3_2"]
url = "https://conda.anaconda.org/conda-forge/linux-64/xorg-libxau-1.0.12-h7cc23a3_2.conda"
checksum = "sha256:3ec065b94554dc48a4ca582a960a5484bc166b26e83ce0954653e08d17e8bd53"

[conda-packages.linux-x64."xorg-libxdmcp-1.1.5-h7cc23a3_2"]
url = "https://conda.anaconda.org/conda-forge/linux-64/xorg-libxdmcp-1.1.5-h7cc23a3_2.conda"
checksum = "sha256:8a095df9bc1d2e50f2504ce8858a047ae29ea634aad6cc0b43298c63361da6d9"

[conda-packages.linux-x64."xorg-libxt-1.3.1-h7cc23a3_1"]
url = "https://conda.anaconda.org/conda-forge/linux-64/xorg-libxt-1.3.1-h7cc23a3_1.conda"
checksum = "sha256:dff31677674be86f98ee929a796edf2cf7c78bf38610b122a63af9af752d5bf7"

[conda-packages.linux-x64."xorg-xorgproto-2025.1-hebe6cf0_3"]
url = "https://conda.anaconda.org/conda-forge/linux-64/xorg-xorgproto-2025.1-hebe6cf0_3.conda"
checksum = "sha256:8e9c7ca4fcfe9f0c300e4aa853b79c25411fc4e470decfe8f909b74f60dfb6dd"

[conda-packages.linux-x64."zstd-1.5.7-hb78ec9c_7"]
url = "https://conda.anaconda.org/conda-forge/linux-64/zstd-1.5.7-hb78ec9c_7.conda"
checksum = "sha256:47d682b9f6d6ec9eb1a6e6c3e75ea6273e899e78fb7fc59f81d39745009fbc60"

[[tools.bat]]
version = "0.26.1"
backend = "aqua:sharkdp/bat"
specifiers = ["0.26.1"]

[tools.bat."platforms.linux-arm64"]
checksum = "sha256:422eb73e11c854fddd99f5ca8461c2f1d6e6dce0a2a8c3d5daade5ffcb6564aa"
url = "https://github.com/sharkdp/bat/releases/download/v0.26.1/bat-v0.26.1-aarch64-unknown-linux-gnu.tar.gz"
url_api = "https://api.github.com/repos/sharkdp/bat/releases/assets/323548647"

[tools.bat."platforms.linux-x64"]
checksum = "sha256:726f04c8f576a7fd18b7634f1bbf2f915c43494c1c0f013baa3287edb0d5a2a3"
url = "https://github.com/sharkdp/bat/releases/download/v0.26.1/bat-v0.26.1-x86_64-unknown-linux-gnu.tar.gz"
url_api = "https://api.github.com/repos/sharkdp/bat/releases/assets/323549181"

[[tools.chezmoi]]
version = "2.73.0"
backend = "aqua:twpayne/chezmoi"
specifiers = ["2.73.0"]

[tools.chezmoi."platforms.linux-arm64"]
checksum = "sha256:abcb840401d3c1f2356e0f53f5d52aa10d10f572654d9626db9ad0ca4dc03355"
url = "https://github.com/twpayne/chezmoi/releases/download/v2.73.0/chezmoi_2.73.0_linux_arm64.tar.gz"
url_api = "https://api.github.com/repos/twpayne/chezmoi/releases/assets/596270525"
provenance = "cosign"

[tools.chezmoi."platforms.linux-x64"]
checksum = "sha256:b597729b687af4488a848240134cb633de8ca0f04e0d26d48f400ee2ac338ffa"
url = "https://github.com/twpayne/chezmoi/releases/download/v2.73.0/chezmoi_2.73.0_linux-glibc_amd64.tar.gz"
url_api = "https://api.github.com/repos/twpayne/chezmoi/releases/assets/596270983"
provenance = "cosign"

[[tools.fd]]
version = "10.5.0"
backend = "aqua:sharkdp/fd"
specifiers = ["10.5.0"]

[tools.fd."platforms.linux-arm64"]
checksum = "sha256:c0ee43802e3313a317c5af2f4eabd6ba13eeedd595af9775f05e18a13ac4f52c"
url = "https://github.com/sharkdp/fd/releases/download/v10.5.0/fd-v10.5.0-aarch64-unknown-linux-gnu.tar.gz"
url_api = "https://api.github.com/repos/sharkdp/fd/releases/assets/530482307"

[tools.fd."platforms.linux-x64"]
checksum = "sha256:a1259cd129636efbc3fef123525c1b49e88fe5088c012630983c310e52fdfa95"
url = "https://github.com/sharkdp/fd/releases/download/v10.5.0/fd-v10.5.0-x86_64-unknown-linux-gnu.tar.gz"
url_api = "https://api.github.com/repos/sharkdp/fd/releases/assets/530481615"

[[tools.flux2]]
version = "2.9.6"
backend = "aqua:fluxcd/flux2"
specifiers = ["2.9.6"]

[tools.flux2."platforms.linux-arm64"]
checksum = "sha256:6663c154755b732f43dc993d72321f71c2fc1ff0bcb94b2696e0a8638fa562b4"
url = "https://github.com/fluxcd/flux2/releases/download/v2.9.6/flux_2.9.6_linux_arm64.tar.gz"
url_api = "https://api.github.com/repos/fluxcd/flux2/releases/assets/602941235"

[tools.flux2."platforms.linux-x64"]
checksum = "sha256:b4d22673e9246cbd628881f1a9ef3b090085dced291e42d804555cee8e8d42c5"
url = "https://github.com/fluxcd/flux2/releases/download/v2.9.6/flux_2.9.6_linux_amd64.tar.gz"
url_api = "https://api.github.com/repos/fluxcd/flux2/releases/assets/602941244"

[[tools.fzf]]
version = "0.74.4"
backend = "aqua:junegunn/fzf"
specifiers = ["0.74.4"]

[tools.fzf."platforms.linux-arm64"]
checksum = "sha256:5d673b849f494f0d64ec471d8640b153ca8849e3846a31da17abdcfce8df6b46"
url = "https://github.com/junegunn/fzf/releases/download/v0.74.4/fzf-0.74.4-linux_arm64.tar.gz"
url_api = "https://api.github.com/repos/junegunn/fzf/releases/assets/558287789"

[tools.fzf."platforms.linux-x64"]
checksum = "sha256:05e6813a337cc722c3ed07e54a764b75cc5d671e2e60459db0ba696ee5fa7504"
url = "https://github.com/junegunn/fzf/releases/download/v0.74.4/fzf-0.74.4-linux_amd64.tar.gz"
url_api = "https://api.github.com/repos/junegunn/fzf/releases/assets/558287768"

[[tools.gh]]
version = "2.102.0"
backend = "aqua:cli/cli"
specifiers = ["2.102.0"]

[tools.gh."platforms.linux-arm64"]
checksum = "sha256:7862c86c72f43df3a2d93ddde6f473285b4e2af61b494849846827e513ef6484"
url = "https://github.com/cli/cli/releases/download/v2.102.0/gh_2.102.0_linux_arm64.tar.gz"
url_api = "https://api.github.com/repos/cli/cli/releases/assets/599854680"
provenance = "github-attestations"

[tools.gh."platforms.linux-x64"]
checksum = "sha256:bb766f710eef8ede859c18578c72c327597cd4c8a85b06001b1f3843c6019386"
url = "https://github.com/cli/cli/releases/download/v2.102.0/gh_2.102.0_linux_amd64.tar.gz"
url_api = "https://api.github.com/repos/cli/cli/releases/assets/599854672"
provenance = "github-attestations"

[[tools.glab]]
version = "1.120.0"
backend = "gitlab:gitlab-org/cli"
specifiers = ["1.120.0"]

[tools.glab."platforms.linux-arm64"]
checksum = "sha256:c60ebb4cb36f276714847a118845b9b4e69f46a8080c68b21ca63f158722cdea"
url = "https://gitlab.com/gitlab-org/cli/-/releases/v1.120.0/downloads/glab_1.120.0_linux_arm64.tar.gz"
url_api = "https://gitlab.com/api/v4/projects/gitlab-org%2Fcli/packages/generic/glab/1%2E120%2E0/glab_1%2E120%2E0_linux_arm64%2Etar%2Egz"

[tools.glab."platforms.linux-x64"]
checksum = "sha256:4e6c59de9f7ed2f304bf93aad01ea8f8a69584f0450ce90ad696ef81f69c69aa"
url = "https://gitlab.com/gitlab-org/cli/-/releases/v1.120.0/downloads/glab_1.120.0_linux_amd64.tar.gz"
url_api = "https://gitlab.com/api/v4/projects/gitlab-org%2Fcli/packages/generic/glab/1%2E120%2E0/glab_1%2E120%2E0_linux_amd64%2Etar%2Egz"

[[tools.helm]]
version = "4.3.0"
backend = "aqua:helm/helm"
specifiers = ["4.3.0"]

[tools.helm."platforms.linux-arm64"]
checksum = "sha256:31c5794dd55c66a51e6b7d2e2ac7a114ae8b1de41ff1d9ba51748ac973b06a08"
url = "https://get.helm.sh/helm-v4.3.0-linux-arm64.tar.gz"

[tools.helm."platforms.linux-x64"]
checksum = "sha256:86584a54def73570558f66f5111cc53dfed56689637ae32c1201205d494f54fb"
url = "https://get.helm.sh/helm-v4.3.0-linux-amd64.tar.gz"

[[tools.jq]]
version = "1.8.2"
backend = "aqua:jqlang/jq"
specifiers = ["1.8.2"]

[tools.jq."platforms.linux-arm64"]
checksum = "sha256:8b85c817833814ddca00a144c33705546355afccf0cf39b188f3cdb48b852309"
url = "https://github.com/jqlang/jq/releases/download/jq-1.8.2/jq-linux-arm64"
url_api = "https://api.github.com/repos/jqlang/jq/releases/assets/453012756"
provenance = "github-attestations"

[tools.jq."platforms.linux-x64"]
checksum = "sha256:b1c22172dd303f3be49e935aa56aa48a8b7a46e0bc838b4997d3bb451495870f"
url = "https://github.com/jqlang/jq/releases/download/jq-1.8.2/jq-linux-amd64"
url_api = "https://api.github.com/repos/jqlang/jq/releases/assets/453012752"
provenance = "github-attestations"

[[tools.kubectl]]
version = "1.37.1"
backend = "aqua:kubernetes/kubernetes/kubectl"
specifiers = ["1.37.1"]

[tools.kubectl."platforms.linux-arm64"]
checksum = "sha256:ff749f4b78d9c4f1ec87307df9b50119ed819e2094aa9810cb9acffc3286c8c7"
url = "https://dl.k8s.io/v1.37.1/bin/linux/arm64/kubectl"

[tools.kubectl."platforms.linux-x64"]
checksum = "sha256:65691ff77eb6fa44c908b77a1082c9f092c3b9733b5cefabec0d1104890e21a8"
url = "https://dl.k8s.io/v1.37.1/bin/linux/amd64/kubectl"

[[tools.lazygit]]
version = "0.65.1"
backend = "aqua:jesseduffield/lazygit"
specifiers = ["0.65.1"]

[tools.lazygit."platforms.linux-arm64"]
checksum = "sha256:49abecdf6adf4f2dfdb11bf7b9bfada267ea523612ed809d1c6d87f6c04000a7"
url = "https://github.com/jesseduffield/lazygit/releases/download/v0.65.1/lazygit_0.65.1_linux_arm64.tar.gz"
url_api = "https://api.github.com/repos/jesseduffield/lazygit/releases/assets/560658270"

[tools.lazygit."platforms.linux-x64"]
checksum = "sha256:02beacbcda0fa342e50ae3480ba8147307353af3fb28e1d5f790e02329c201a6"
url = "https://github.com/jesseduffield/lazygit/releases/download/v0.65.1/lazygit_0.65.1_linux_x86_64.tar.gz"
url_api = "https://api.github.com/repos/jesseduffield/lazygit/releases/assets/560658266"

[[tools.lsd]]
version = "1.2.0"
backend = "aqua:lsd-rs/lsd"
specifiers = ["1.2.0"]

[tools.lsd."platforms.linux-arm64"]
checksum = "sha256:48c069cf73a8ed0851f366afeac86e3a9b7db416133f45d033d31d123f819f26"
url = "https://github.com/lsd-rs/lsd/releases/download/v1.2.0/lsd-v1.2.0-aarch64-unknown-linux-gnu.tar.gz"
url_api = "https://api.github.com/repos/lsd-rs/lsd/releases/assets/303319672"

[tools.lsd."platforms.linux-x64"]
checksum = "sha256:57d3b5859254adcfb8374ce98159cca97a14959997d2ae1176d2cff59556d829"
url = "https://github.com/lsd-rs/lsd/releases/download/v1.2.0/lsd-v1.2.0-x86_64-unknown-linux-gnu.tar.gz"
url_api = "https://api.github.com/repos/lsd-rs/lsd/releases/assets/303319829"

[[tools.neovim]]
version = "0.12.5"
backend = "vfox:jdx/vfox-neovim"
specifiers = ["0.12.5"]

[tools.neovim."platforms.linux-arm64"]
url = "https://github.com/neovim/neovim/releases/download/v0.12.5/nvim-linux-arm64.tar.gz"

[tools.neovim."platforms.linux-x64"]
url = "https://github.com/neovim/neovim/releases/download/v0.12.5/nvim-linux-x86_64.tar.gz"

[[tools.node]]
version = "24.21.0"
backend = "core:node"
specifiers = ["24.21.0"]

[tools.node."platforms.linux-arm64"]
checksum = "sha256:724282c3b43aec998aa9527380465b45d229e021b58035f5f4f63095eabfe5d5"
url = "https://nodejs.org/dist/v24.21.0/node-v24.21.0-linux-arm64.tar.gz"

[tools.node."platforms.linux-x64"]
checksum = "sha256:6e1db87ef58b8819e5d5402eff1536491b18edd8eb7bee5ef7897876e88dc5ff"
url = "https://nodejs.org/dist/v24.21.0/node-v24.21.0-linux-x64.tar.gz"

[[tools."pipx:copier"]]
version = "9.18.2"
backend = "pipx:copier"
specifiers = ["9.18.2"]
uv = { path = ".mise/locks/pipx-copier/9.18.2", digest = "sha256:cff8a49c87bb8eac495bff88a50c7622389c0637d5636bbe5c8266dd5ef38e79" }

[[tools.python]]
version = "3.14.8"
backend = "core:python"
specifiers = ["3.14.8"]

[tools.python."platforms.linux-arm64"]
checksum = "sha256:ece2bf3d4b47c80c2403c5f32fa51a9458abaee93c10def8acafb5f45163e77d"
url = "https://github.com/astral-sh/python-build-standalone/releases/download/20261003/cpython-3.14.8+20261003-aarch64-unknown-linux-gnu-install_only_stripped.tar.gz"
provenance = "github-attestations"

[tools.python."platforms.linux-x64"]
checksum = "sha256:d9ec7a6935ade8b671a57ebaf111083d7314eab8dae5071d167054dadd2b97d6"
url = "https://github.com/astral-sh/python-build-standalone/releases/download/20261003/cpython-3.14.8+20261003-x86_64-unknown-linux-gnu-install_only_stripped.tar.gz"
provenance = "github-attestations"

[[tools.ripgrep]]
version = "15.2.0"
backend = "aqua:BurntSushi/ripgrep"
specifiers = ["15.2.0"]

[tools.ripgrep."platforms.linux-arm64"]
checksum = "sha256:a740b91c82eaf9914cfedd353572f2791cbe0162c84101ee0951058f4dcbc90d"
url = "https://github.com/BurntSushi/ripgrep/releases/download/15.2.0/ripgrep-15.2.0-aarch64-unknown-linux-gnu.tar.gz"
url_api = "https://api.github.com/repos/BurntSushi/ripgrep/releases/assets/478119579"

[tools.ripgrep."platforms.linux-x64"]
checksum = "sha256:33e15bcf1624b25cdd2a55813a47a2f95dbe126268203e76aa6a585d1e7b149c"
url = "https://github.com/BurntSushi/ripgrep/releases/download/15.2.0/ripgrep-15.2.0-x86_64-unknown-linux-musl.tar.gz"
url_api = "https://api.github.com/repos/BurntSushi/ripgrep/releases/assets/478120097"

[[tools.starship]]
version = "1.26.0"
backend = "aqua:starship/starship"
specifiers = ["1.26.0"]

[tools.starship."platforms.linux-arm64"]
checksum = "sha256:dc30189378d2f2e287384e8a692d3f95ad1df64cf0e8c36aa9201516028aed6b"
url = "https://github.com/starship/starship/releases/download/v1.26.0/starship-aarch64-unknown-linux-musl.tar.gz"
url_api = "https://api.github.com/repos/starship/starship/releases/assets/460374586"

[tools.starship."platforms.linux-x64"]
checksum = "sha256:321f0dd7af8340a5f2e6a8fec6538a04f617486f9ec70d878f91c09cd8deef22"
url = "https://github.com/starship/starship/releases/download/v1.26.0/starship-x86_64-unknown-linux-gnu.tar.gz"
url_api = "https://api.github.com/repos/starship/starship/releases/assets/460374620"

[[tools.tmux]]
version = "3.7c"
backend = "aqua:tmux/tmux-builds"
specifiers = ["3.7c"]

[tools.tmux."platforms.linux-arm64"]
checksum = "sha256:29dcb978da2a4b0cf6790f9e004865dac239a3ba03bbf776dddacce23d03831b"
url = "https://github.com/tmux/tmux-builds/releases/download/v3.7c/tmux-3.7c-linux-arm64.tar.gz"
url_api = "https://api.github.com/repos/tmux/tmux-builds/releases/assets/528734863"

[tools.tmux."platforms.linux-x64"]
checksum = "sha256:cc56bd1cc873eb6089c615f0496b072385bda8a6d944069f38564a5d49c128aa"
url = "https://github.com/tmux/tmux-builds/releases/download/v3.7c/tmux-3.7c-linux-x86_64.tar.gz"
url_api = "https://api.github.com/repos/tmux/tmux-builds/releases/assets/528734864"

[[tools.usage]]
version = "3.5.5"
backend = "aqua:jdx/usage"
specifiers = ["3.5.5"]

[tools.usage."platforms.linux-arm64"]
checksum = "sha256:5b6656ec9a88314f7c767514a219fa79ff47b815e06006097aa61e77bdb1d7ca"
url = "https://github.com/jdx/usage/releases/download/v3.5.5/usage-aarch64-unknown-linux-gnu.tar.gz"
url_api = "https://api.github.com/repos/jdx/usage/releases/assets/476575885"

[tools.usage."platforms.linux-x64"]
checksum = "sha256:623d307595faf35f10f0ca260103354eea4090f02c475bd2c34a990753229ff2"
url = "https://github.com/jdx/usage/releases/download/v3.5.5/usage-x86_64-unknown-linux-gnu.tar.gz"
url_api = "https://api.github.com/repos/jdx/usage/releases/assets/476575670"

[[tools.uv]]
version = "0.12.22"
backend = "aqua:astral-sh/uv"
specifiers = ["0.12.22"]

[tools.uv."platforms.linux-arm64"]
checksum = "sha256:6f66a14e8239871fb477f9746c941fedfa77e8fe28a8bc7c07e1dc7f53a66712"
url = "https://github.com/astral-sh/uv/releases/download/0.12.22/uv-aarch64-unknown-linux-gnu.tar.gz"
url_api = "https://api.github.com/repos/astral-sh/uv/releases/assets/604418317"
provenance = "github-attestations"

[tools.uv."platforms.linux-x64"]
checksum = "sha256:b9980552309f09c15172b8be828555e375097f16deb459795ce7bfd200380f0b"
url = "https://github.com/astral-sh/uv/releases/download/0.12.22/uv-x86_64-unknown-linux-gnu.tar.gz"
url_api = "https://api.github.com/repos/astral-sh/uv/releases/assets/604418465"
provenance = "github-attestations"

[[tools.vim]]
version = "9.2.1054"
backend = "conda:vim"
specifiers = ["9.2.1054"]

[tools.vim.options]
channel = "conda-forge"

[tools.vim."platforms.linux-arm64"]
checksum = "sha256:21ff935047fd66b1f5e6ada0306c5350fcdece5e5c39287b370c9b9873cdf831"
url = "https://conda.anaconda.org/conda-forge/linux-aarch64/vim-9.2.1054-py314pl5321h8fb773d_0.conda"
conda_deps = [
    "perl-5.32.1-10_h5bc82ec_perl5",
    "libxcrypt-4.4.38-h80f16a2_0",
    "python-3.14.8-hbec3b18_101_cp314",
    "libuuid-2.42.4-hd6fdeab_0",
    "libpython-3.14.8-hc71fabe_101_cp314",
    "libexpat-2.8.5-h4154aff_0",
    "ncurses-6.6-h2b6f883_1",
    "xorg-libx11-1.8.13-h63a1b12_1",
    "xorg-libxt-1.3.1-h5bc82ec_1",
    "xorg-xorgproto-2025.1-h29ee22c_3",
    "libgcc-16.2.0-h205dda4_7",
    "libstdcxx-16.2.0-hef695bb_7",
    "python_abi-3.14-9_cp314",
    "bzip2-1.0.8-h4777abc_10",
    "ld_impl_linux-aarch64-2.46.1-default_h1979696_102",
    "libmpdec-4.0.0-he30d5cf_2",
    "libsqlite-3.53.4-hd26f1b6_103",
    "openssl-3.6.5-he6ad1d5_0",
    "tk-8.6.13-noxft_hf03c496_4",
    "tzdata-2026c-h151e31d_0",
    "zstd-1.5.7-h9d15635_7",
    "libffi-3.7.0-hdaad0be_1",
    "liblzma-5.8.3-he30d5cf_1",
    "libzlib-1.3.2-hdc9db2a_3",
    "readline-8.3-ha7194a6_1",
    "libxcb-1.17.0-h3f04742_2",
    "xorg-libice-1.1.2-h80f16a2_0",
    "xorg-libsm-1.2.6-hf23e593_1",
    "_openmp_mutex-4.5-20_gnu",
    "libgomp-16.2.0-h8acb6b2_7",
    "ca-certificates-2026.7.22-hbd8a1cb_0",
    "pthread-stubs-0.4-h5bc82ec_1004",
    "xorg-libxau-1.0.12-h5bc82ec_2",
    "xorg-libxdmcp-1.1.5-h5bc82ec_2",
]

[tools.vim."platforms.linux-x64"]
checksum = "sha256:74510d4c66c32106198559ed87b389ebeeed85cfd5fbe27103cf654e2e868436"
url = "https://conda.anaconda.org/conda-forge/linux-64/vim-9.2.1054-py314pl5321hd10e506_0.conda"
conda_deps = [
    "perl-5.32.1-10_h7cc23a3_perl5",
    "libxcrypt-4.4.38-h280c20c_0",
    "python-3.14.8-hcd007b5_101_cp314",
    "libuuid-2.42.4-hcfc3c73_0",
    "libpython-3.14.8-hdc7f604_101_cp314",
    "libexpat-2.8.5-hd2095e1_0",
    "ncurses-6.6-hdb14827_1",
    "xorg-libx11-1.8.13-he1eb515_1",
    "xorg-libxt-1.3.1-h7cc23a3_1",
    "xorg-xorgproto-2025.1-hebe6cf0_3",
    "python_abi-3.14-9_cp314",
    "libgcc-16.2.0-ha9f2e26_7",
    "libstdcxx-16.2.0-h934c35e_7",
    "bzip2-1.0.8-hda65f42_10",
    "ld_impl_linux-64-2.46.1-default_hbd61a6d_102",
    "libmpdec-4.0.0-hb03c661_2",
    "libsqlite-3.53.4-h0737f62_103",
    "openssl-3.6.5-h781a0a9_0",
    "tk-8.6.13-noxft_h1df4ec4_4",
    "tzdata-2026c-h151e31d_0",
    "zstd-1.5.7-hb78ec9c_7",
    "libffi-3.7.0-h81df57d_1",
    "liblzma-5.8.3-hb03c661_1",
    "libzlib-1.3.2-h25fd6f3_3",
    "readline-8.3-hd6e31c0_1",
    "libxcb-1.17.0-hb83e432_2",
    "xorg-libice-1.1.2-h280c20c_0",
    "xorg-libsm-1.2.6-h0d788c3_1",
    "_openmp_mutex-4.5-20_gnu",
    "libgomp-16.2.0-he0feb66_7",
    "ca-certificates-2026.7.22-hbd8a1cb_0",
    "pthread-stubs-0.4-h7cc23a3_1004",
    "xorg-libxau-1.0.12-h7cc23a3_2",
    "xorg-libxdmcp-1.1.5-h7cc23a3_2",
]

[[tools.yazi]]
version = "26.9.1"
backend = "aqua:sxyazi/yazi"
specifiers = ["26.9.1"]

[tools.yazi."platforms.linux-arm64"]
checksum = "sha256:02807f08d6b589b65b7516a4e259d83f5995d7a23bb12b3a155141385b370b3a"
url = "https://github.com/sxyazi/yazi/releases/download/v26.9.1/yazi-aarch64-unknown-linux-gnu.zip"
url_api = "https://api.github.com/repos/sxyazi/yazi/releases/assets/539261402"

[tools.yazi."platforms.linux-x64"]
checksum = "sha256:a02fe91d3304294048c681f010f1100856872a4e98ecf6927328e888d40a6ad2"
url = "https://github.com/sxyazi/yazi/releases/download/v26.9.1/yazi-x86_64-unknown-linux-gnu.zip"
url_api = "https://api.github.com/repos/sxyazi/yazi/releases/assets/539261400"
